
Microsoft Visual Studio Solution File, Format Version 12.00
# Visual Studio 15
VisualStudioVersion = 15.0.28307.102
MinimumVisualStudioVersion = 10.0.40219.1
Project("{9A19103F-16F7-4668-BE54-9A1E7A4F7556}") = "TestIT", "TestIT\TestIT.csproj", "{0B94E7FB-B95E-4DE7-B47E-96EA3D849D32}"
EndProject
Global
	GlobalSection(SolutionConfigurationPlatforms) = preSolution
		Debug|Any CPU = Debug|Any CPU
		Release|Any CPU = Release|Any CPU
	EndGlobalSection
	GlobalSection(ProjectConfigurationPlatforms) = postSolution
		{0B94E7FB-B95E-4DE7-B47E-96EA3D849D32}.Debug|Any CPU.ActiveCfg = Debug|Any CPU
		{0B94E7FB-B95E-4DE7-B47E-96EA3D849D32}.Debug|Any CPU.Build.0 = Debug|Any CPU
		{0B94E7FB-B95E-4DE7-B47E-96EA3D849D32}.Release|Any CPU.ActiveCfg = Debug|Any CPU
		{0B94E7FB-B95E-4DE7-B47E-96EA3D849D32}.Release|Any CPU.Build.0 = Debug|Any CPU
	EndGlobalSection
	GlobalSection(SolutionProperties) = preSolution
		HideSolutionNode = FALSE
	EndGlobalSection
	GlobalSection(ExtensibilityGlobals) = postSolution
		SolutionGuid = {83CA0396-8AC5-43AD-97A4-7EA0D48253C3}
	EndGlobalSection
EndGlobal
